{
	"name": "tree-sitter-antlers",
	"version": "0.0.1",
	"lockfileVersion": 3,
	"requires": true,
	"packages": {
		"": {
			"name": "tree-sitter-antlers",
			"version": "0.0.1",
			"license": "MIT",
			"devDependencies": {
				"tree-sitter-cli": "^0.24.0"
			}
		},
		"node_modules/tree-sitter-cli": {
			"version": "0.24.7",
			"dev": true,
			"hasInstallScript": true,
			"license": "MIT",
			"bin": {
				"tree-sitter": "cli.js"
			},
			"engines": {
				"node": ">=12.0.0"
			}
		}
	}
}
